<?xml version="1.0" encoding="utf-8"?>
<Project ToolsVersion="4.0" xmlns="http://schemas.microsoft.com/developer/msbuild/2003">
  <ItemGroup>
    <ClCompile Include="CardCashing.cpp" />
    <ClCompile Include="Combat.cpp" />
    <ClCompile Include="Deck.cpp" />
    <ClCompile Include="Engine.cpp" />
    <ClCompile Include="GameState.cpp" />
    <ClCompile Include="Player.cpp" />
    <ClCompile Include="Risk.cpp" />
    <ClCompile Include="AgressiveStrategy.cpp">
      <Filter>AIStrategy</Filter>
    </ClCompile>
    <ClCompile Include="DefensiveStrategy.cpp">
      <Filter>AIStrategy</Filter>
    </ClCompile>
    <ClCompile Include="RandomStrategy.cpp">
      <Filter>AIStrategy</Filter>
    </ClCompile>
    <ClCompile Include="Strategy.cpp">
      <Filter>AIStrategy</Filter>
    </ClCompile>
    <ClCompile Include="subject.cpp">
      <Filter>Observers&amp;Decorators</Filter>
    </ClCompile>
    <ClCompile Include="StatisticsDecorator.cpp">
      <Filter>Observers&amp;Decorators</Filter>
    </ClCompile>
    <ClCompile Include="StatisticsView.cpp">
      <Filter>Observers&amp;Decorators</Filter>
    </ClCompile>
    <ClCompile Include="StatisticsWorld.cpp">
      <Filter>Observers&amp;Decorators</Filter>
    </ClCompile>
    <ClCompile Include="observercpp.cpp">
      <Filter>Observers&amp;Decorators</Filter>
    </ClCompile>
    <ClCompile Include="MapObserver.cpp">
      <Filter>Observers&amp;Decorators</Filter>
    </ClCompile>
    <ClCompile Include="NoStrategy.cpp">
      <Filter>AIStrategy</Filter>
    </ClCompile>
    <ClCompile Include="ConquestMapLoaderSaver.cpp">
      <Filter>Load&amp;Save</Filter>
    </ClCompile>
    <ClCompile Include="TextMapLoaderSaver.cpp">
      <Filter>Load&amp;Save</Filter>
    </ClCompile>
    <ClCompile Include="SaveLoadManager.cpp">
      <Filter>Load&amp;Save</Filter>
    </ClCompile>
    <ClCompile Include="Map.cpp">
      <Filter>Map Stuff</Filter>
    </ClCompile>
    <ClCompile Include="MapCreator.cpp">
      <Filter>Map Stuff</Filter>
    </ClCompile>
    <ClCompile Include="MapManager.cpp">
      <Filter>Map Stuff</Filter>
    </ClCompile>
    <ClCompile Include="MapTester.cpp">
      <Filter>Map Stuff</Filter>
    </ClCompile>
    <ClCompile Include="playerView.cpp">
      <Filter>Observers&amp;Decorators</Filter>
    </ClCompile>
    <ClCompile Include="stdafx.cpp">
      <Filter>Support Files</Filter>
    </ClCompile>
    <ClCompile Include="Helper.cpp">
      <Filter>Support Files</Filter>
    </ClCompile>
    <ClCompile Include="InputProcedure.cpp">
      <Filter>Support Files</Filter>
    </ClCompile>
    <ClCompile Include="Constants.cpp">
      <Filter>Support Files</Filter>
    </ClCompile>
    <ClCompile Include="Continent.cpp">
      <Filter>Map Stuff</Filter>
    </ClCompile>
    <ClCompile Include="Country.cpp">
      <Filter>Map Stuff</Filter>
    </ClCompile>
    <ClCompile Include="MapLoaderSaverAdapter.cpp" />
  </ItemGroup>
  <ItemGroup>
    <ClInclude Include="CardCashing.h" />
    <ClInclude Include="Combat.h" />
    <ClInclude Include="Deck.h" />
    <ClInclude Include="Engine.h" />
    <ClInclude Include="GameState.h" />
    <ClInclude Include="Player.h" />
    <ClInclude Include="AgressiveStrategy.h">
      <Filter>AIStrategy</Filter>
    </ClInclude>
    <ClInclude Include="DefensiveStrategy.h">
      <Filter>AIStrategy</Filter>
    </ClInclude>
    <ClInclude Include="RandomStrategy.h">
      <Filter>AIStrategy</Filter>
    </ClInclude>
    <ClInclude Include="Strategy.h">
      <Filter>AIStrategy</Filter>
    </ClInclude>
    <ClInclude Include="GameLogObserver.h">
      <Filter>Observers&amp;Decorators</Filter>
    </ClInclude>
    <ClInclude Include="Subject.h">
      <Filter>Observers&amp;Decorators</Filter>
    </ClInclude>
    <ClInclude Include="StatisticsWorld.h">
      <Filter>Observers&amp;Decorators</Filter>
    </ClInclude>
    <ClInclude Include="StatisticsDecorator.h">
      <Filter>Observers&amp;Decorators</Filter>
    </ClInclude>
    <ClInclude Include="StatisticsView.h">
      <Filter>Observers&amp;Decorators</Filter>
    </ClInclude>
    <ClInclude Include="Observer.h">
      <Filter>Observers&amp;Decorators</Filter>
    </ClInclude>
    <ClInclude Include="MapSubjectPattern.h">
      <Filter>Observers&amp;Decorators</Filter>
    </ClInclude>
    <ClInclude Include="MapObserver.h">
      <Filter>Observers&amp;Decorators</Filter>
    </ClInclude>
    <ClInclude Include="MapObserverPattern.h">
      <Filter>Observers&amp;Decorators</Filter>
    </ClInclude>
    <ClInclude Include="NoStrategy.h">
      <Filter>AIStrategy</Filter>
    </ClInclude>
    <ClInclude Include="ConquestMapLoaderSaver.h">
      <Filter>Load&amp;Save</Filter>
    </ClInclude>
    <ClInclude Include="TextMapLoaderSaver.h">
      <Filter>Load&amp;Save</Filter>
    </ClInclude>
    <ClInclude Include="SaveLoadManager.h">
      <Filter>Load&amp;Save</Filter>
    </ClInclude>
    <ClInclude Include="MapTester.h">
      <Filter>Map Stuff</Filter>
    </ClInclude>
    <ClInclude Include="Map.h">
      <Filter>Map Stuff</Filter>
    </ClInclude>
    <ClInclude Include="MapCreator.h">
      <Filter>Map Stuff</Filter>
    </ClInclude>
    <ClInclude Include="MapManager.h">
      <Filter>Map Stuff</Filter>
    </ClInclude>
    <ClInclude Include="MapTemplate.h">
      <Filter>Map Stuff</Filter>
    </ClInclude>
    <ClInclude Include="playerView.h">
      <Filter>Observers&amp;Decorators</Filter>
    </ClInclude>
    <ClInclude Include="tinydir.h">
      <Filter>Support Files</Filter>
    </ClInclude>
    <ClInclude Include="stdafx.h">
      <Filter>Support Files</Filter>
    </ClInclude>
    <ClInclude Include="targetver.h">
      <Filter>Support Files</Filter>
    </ClInclude>
    <ClInclude Include="Helper.h">
      <Filter>Support Files</Filter>
    </ClInclude>
    <ClInclude Include="InputProcedure.h">
      <Filter>Support Files</Filter>
    </ClInclude>
    <ClInclude Include="Constants.h">
      <Filter>Support Files</Filter>
    </ClInclude>
    <ClInclude Include="Continent.h">
      <Filter>Map Stuff</Filter>
    </ClInclude>
    <ClInclude Include="Country.h">
      <Filter>Map Stuff</Filter>
    </ClInclude>
    <ClInclude Include="MapLoaderSaverAdapter.h" />
  </ItemGroup>
  <ItemGroup>
    <None Include="ClassDiagram.cd" />
  </ItemGroup>
  <ItemGroup>
    <Filter Include="AIStrategy">
      <UniqueIdentifier>{617ddaf7-d97e-4403-b371-efce5cdd2485}</UniqueIdentifier>
    </Filter>
    <Filter Include="Observers&amp;Decorators">
      <UniqueIdentifier>{06b14ff9-df3e-4ee5-8053-084eeaf7b0a2}</UniqueIdentifier>
    </Filter>
    <Filter Include="Load&amp;Save">
      <UniqueIdentifier>{5efcf2f9-df77-4173-aa18-c8d463ac498f}</UniqueIdentifier>
    </Filter>
    <Filter Include="Map Stuff">
      <UniqueIdentifier>{827a4c26-1442-4681-a210-e462601051f8}</UniqueIdentifier>
    </Filter>
    <Filter Include="Support Files">
      <UniqueIdentifier>{187b1a6a-9324-4969-a4d4-102dac0a98d8}</UniqueIdentifier>
    </Filter>
  </ItemGroup>
  <ItemGroup>
    <Text Include="ReadMe.txt">
      <Filter>Support Files</Filter>
    </Text>
  </ItemGroup>
</Project>